
Microsoft Visual Studio Solution File, Format Version 12.00
# Visual Studio Version 17
VisualStudioVersion = 17.7.34202.233
MinimumVisualStudioVersion = 10.0.40219.1
Project("{2150E333-8FDC-42A3-9474-1A3956D46DE8}") = "WarehouseAppMVC", "WarehouseAppMVC", "{A67CB013-BD43-4123-9D7A-13974972FF01}"
EndProject
Project("{9A19103F-16F7-4668-BE54-9A1E7A4F7556}") = "WarehouseApp.MVC", "WarehouseApp.MVC\WarehouseApp.MVC.csproj", "{9FD1010B-4AF7-4C71-B11F-E42C2BA487CB}"
EndProject
Global
	GlobalSection(SolutionConfigurationPlatforms) = preSolution
		Debug|Any CPU = Debug|Any CPU
		Release|Any CPU = Release|Any CPU
	EndGlobalSection
	GlobalSection(ProjectConfigurationPlatforms) = postSolution
		{9FD1010B-4AF7-4C71-B11F-E42C2BA487CB}.Debug|Any CPU.ActiveCfg = Debug|Any CPU
		{9FD1010B-4AF7-4C71-B11F-E42C2BA487CB}.Debug|Any CPU.Build.0 = Debug|Any CPU
		{9FD1010B-4AF7-4C71-B11F-E42C2BA487CB}.Release|Any CPU.ActiveCfg = Release|Any CPU
		{9FD1010B-4AF7-4C71-B11F-E42C2BA487CB}.Release|Any CPU.Build.0 = Release|Any CPU
	EndGlobalSection
	GlobalSection(SolutionProperties) = preSolution
		HideSolutionNode = FALSE
	EndGlobalSection
	GlobalSection(NestedProjects) = preSolution
		{9FD1010B-4AF7-4C71-B11F-E42C2BA487CB} = {A67CB013-BD43-4123-9D7A-13974972FF01}
	EndGlobalSection
	GlobalSection(ExtensibilityGlobals) = postSolution
		SolutionGuid = {2D3C7B91-D429-4395-BCBF-59410717C74B}
	EndGlobalSection
EndGlobal
